
Microsoft Visual Studio Solution File, Format Version 12.00
Project("{FAE04EC0-301F-11D3-BF4B-00C04F79EFBC}") = "EasyNow.XposedApi", "EasyNow.XposedApi\EasyNow.XposedApi.csproj", "{0C6D10E3-E15C-4484-9F0A-0CAC5DD0A39E}"
EndProject
Global
	GlobalSection(SolutionConfigurationPlatforms) = preSolution
		Debug|Any CPU = Debug|Any CPU
		Release|Any CPU = Release|Any CPU
	EndGlobalSection
	GlobalSection(ProjectConfigurationPlatforms) = postSolution
		{0C6D10E3-E15C-4484-9F0A-0CAC5DD0A39E}.Debug|Any CPU.ActiveCfg = Debug|Any CPU
		{0C6D10E3-E15C-4484-9F0A-0CAC5DD0A39E}.Debug|Any CPU.Build.0 = Debug|Any CPU
		{0C6D10E3-E15C-4484-9F0A-0CAC5DD0A39E}.Release|Any CPU.ActiveCfg = Release|Any CPU
		{0C6D10E3-E15C-4484-9F0A-0CAC5DD0A39E}.Release|Any CPU.Build.0 = Release|Any CPU
	EndGlobalSection
EndGlobal
